<?xml version="1.0" encoding="utf-8"?>
<Project ToolsVersion="4.0" xmlns="http://schemas.microsoft.com/developer/msbuild/2003">
  <ItemGroup>
    <Filter Include="소스 파일">
      <UniqueIdentifier>{4FC737F1-C7A5-4376-A066-2A32D752A2FF}</UniqueIdentifier>
      <Extensions>cpp;c;cc;cxx;c++;cppm;ixx;def;odl;idl;hpj;bat;asm;asmx</Extensions>
    </Filter>
    <Filter Include="헤더 파일">
      <UniqueIdentifier>{93995380-89BD-4b04-88EB-625FBE52EBFB}</UniqueIdentifier>
      <Extensions>h;hh;hpp;hxx;h++;hm;inl;inc;ipp;xsd</Extensions>
    </Filter>
    <Filter Include="리소스 파일">
      <UniqueIdentifier>{67DA6AB6-F800-4c08-8B7A-83BB121AAD01}</UniqueIdentifier>
      <Extensions>rc;ico;cur;bmp;dlg;rc2;rct;bin;rgs;gif;jpg;jpeg;jpe;resx;tiff;tif;png;wav;mfcribbon-ms</Extensions>
    </Filter>
    <Filter Include="헤더 파일\Network">
      <UniqueIdentifier>{f8f33a88-553e-4e39-872a-2af71689ceee}</UniqueIdentifier>
    </Filter>
    <Filter Include="헤더 파일\InGameConnUsers">
      <UniqueIdentifier>{a4fea4b7-ee8a-4142-92a1-93257acbf2ad}</UniqueIdentifier>
    </Filter>
    <Filter Include="헤더 파일\InGameConnUsers\RaidManager">
      <UniqueIdentifier>{c9d2ae5a-5a12-490a-816d-4f86b29da142}</UniqueIdentifier>
    </Filter>
    <Filter Include="헤더 파일\InGameConnUsers\InGameUserManager">
      <UniqueIdentifier>{52b7f251-cd0d-4927-9c6a-562cad4688df}</UniqueIdentifier>
    </Filter>
    <Filter Include="헤더 파일\Network\UserNetworkManager">
      <UniqueIdentifier>{a3e442f8-1f37-41ed-ba2a-da80f513604d}</UniqueIdentifier>
    </Filter>
    <Filter Include="헤더 파일\Network\UserNetworkManager\CircularRecvBuf">
      <UniqueIdentifier>{2ab19ce5-49a1-4e8f-947c-94cbab24f74a}</UniqueIdentifier>
    </Filter>
    <Filter Include="헤더 파일\Network\Redis">
      <UniqueIdentifier>{4f70c36f-c0c1-4b0d-9a89-57339c5fe71c}</UniqueIdentifier>
    </Filter>
  </ItemGroup>
  <ItemGroup>
    <ClCompile Include="main.cpp">
      <Filter>소스 파일</Filter>
    </ClCompile>
    <ClCompile Include="QuokkaServer.cpp">
      <Filter>헤더 파일\Network</Filter>
    </ClCompile>
    <ClCompile Include="RedisManager.cpp">
      <Filter>헤더 파일\Network\Redis</Filter>
    </ClCompile>
    <ClCompile Include="CircularBuffer.cpp">
      <Filter>헤더 파일\Network\UserNetworkManager\CircularRecvBuf</Filter>
    </ClCompile>
    <ClCompile Include="MatchingManager.cpp">
      <Filter>헤더 파일\InGameConnUsers\RaidManager</Filter>
    </ClCompile>
    <ClCompile Include="ConnUsersManager.cpp">
      <Filter>헤더 파일\Network\UserNetworkManager</Filter>
    </ClCompile>
    <ClCompile Include="ChannelManager.cpp">
      <Filter>헤더 파일\InGameConnUsers\RaidManager</Filter>
    </ClCompile>
    <ClCompile Include="IngameUserManager.cpp">
      <Filter>헤더 파일\InGameConnUsers\InGameUserManager</Filter>
    </ClCompile>
    <ClCompile Include="OverLappedManager.cpp">
      <Filter>헤더 파일\Network</Filter>
    </ClCompile>
    <ClCompile Include="UdpOverLappedManager.cpp">
      <Filter>헤더 파일\InGameConnUsers\RaidManager</Filter>
    </ClCompile>
  </ItemGroup>
  <ItemGroup>
    <ClInclude Include="QuokkaServer.h">
      <Filter>헤더 파일\Network</Filter>
    </ClInclude>
    <ClInclude Include="Define.h">
      <Filter>헤더 파일\Network</Filter>
    </ClInclude>
    <ClInclude Include="RedisManager.h">
      <Filter>헤더 파일\Network\Redis</Filter>
    </ClInclude>
    <ClInclude Include="CircularBuffer.h">
      <Filter>헤더 파일\Network\UserNetworkManager\CircularRecvBuf</Filter>
    </ClInclude>
    <ClInclude Include="Packet.h">
      <Filter>헤더 파일\Network\Redis</Filter>
    </ClInclude>
    <ClInclude Include="MatchingManager.h">
      <Filter>헤더 파일\InGameConnUsers\RaidManager</Filter>
    </ClInclude>
    <ClInclude Include="ConnUsersManager.h">
      <Filter>헤더 파일\Network\UserNetworkManager</Filter>
    </ClInclude>
    <ClInclude Include="Room.h">
      <Filter>헤더 파일\InGameConnUsers\RaidManager</Filter>
    </ClInclude>
    <ClInclude Include="ChannelManager.h">
      <Filter>헤더 파일\InGameConnUsers\RaidManager</Filter>
    </ClInclude>
    <ClInclude Include="InGameUserManager.h">
      <Filter>헤더 파일\InGameConnUsers\InGameUserManager</Filter>
    </ClInclude>
    <ClInclude Include="InGameUser.h">
      <Filter>헤더 파일\InGameConnUsers\InGameUserManager</Filter>
    </ClInclude>
    <ClInclude Include="ConnUser.h">
      <Filter>헤더 파일\Network\UserNetworkManager</Filter>
    </ClInclude>
    <ClInclude Include="OverLappedManager.h">
      <Filter>헤더 파일\Network</Filter>
    </ClInclude>
    <ClInclude Include="UdpOverLappedManager.h">
      <Filter>헤더 파일\InGameConnUsers\RaidManager</Filter>
    </ClInclude>
  </ItemGroup>
</Project>